// !$*UTF8*$!
{
	archiveVersion = 1;
	classes = {
	};
	objectVersion = 46;
	objects = {

/* Begin PBXBuildFile section */
		D02FAEEF1635DDC0008D42D9 /* SenTestingKit.framework in Frameworks */ = {isa = PBXBuildFile; fileRef = D02FAEEE1635DDC0008D42D9 /* SenTestingKit.framework */; };
		D02FAEF31635DDC0008D42D9 /* libArchimedes.a in Frameworks */ = {isa = PBXBuildFile; fileRef = D02FAED91635DDC0008D42D9 /* libArchimedes.a */; };
		D02FAEF91635DDC0008D42D9 /* InfoPlist.strings in Resources */ = {isa = PBXBuildFile; fileRef = D02FAEF71635DDC0008D42D9 /* InfoPlist.strings */; };
		D02FAF741635DEE1008D42D9 /* libExpecta.a in Frameworks */ = {isa = PBXBuildFile; fileRef = D02FAF691635DED6008D42D9 /* libExpecta.a */; };
		D02FAF751635DEE1008D42D9 /* libSpecta.a in Frameworks */ = {isa = PBXBuildFile; fileRef = D02FAF4C1635DE74008D42D9 /* libSpecta.a */; };
		D02FAF771635DEE5008D42D9 /* ApplicationServices.framework in Frameworks */ = {isa = PBXBuildFile; fileRef = D02FAF761635DEE5008D42D9 /* ApplicationServices.framework */; };
		D02FAF781635DEF5008D42D9 /* ApplicationServices.framework in Frameworks */ = {isa = PBXBuildFile; fileRef = D02FAF761635DEE5008D42D9 /* ApplicationServices.framework */; };
		D02FAF791635DEF5008D42D9 /* Foundation.framework in Frameworks */ = {isa = PBXBuildFile; fileRef = D02FAEE11635DDC0008D42D9 /* Foundation.framework */; };
		D02FAF901635DFD8008D42D9 /* Foundation.framework in Frameworks */ = {isa = PBXBuildFile; fileRef = D02FAEE11635DDC0008D42D9 /* Foundation.framework */; };
		D02FAF9E1635DFD9008D42D9 /* SenTestingKit.framework in Frameworks */ = {isa = PBXBuildFile; fileRef = D02FAEEE1635DDC0008D42D9 /* SenTestingKit.framework */; };
		D02FAFA11635DFD9008D42D9 /* Foundation.framework in Frameworks */ = {isa = PBXBuildFile; fileRef = D02FAEE11635DDC0008D42D9 /* Foundation.framework */; };
		D02FAFA41635DFD9008D42D9 /* libArchimedes.a in Frameworks */ = {isa = PBXBuildFile; fileRef = D02FAF8F1635DFD8008D42D9 /* libArchimedes.a */; };
		D02FAFCA1635E07E008D42D9 /* libExpecta-iOS.a in Frameworks */ = {isa = PBXBuildFile; fileRef = D02FAF6B1635DED6008D42D9 /* libExpecta-iOS.a */; };
		D02FAFCB1635E07E008D42D9 /* libSpecta-iOS.a in Frameworks */ = {isa = PBXBuildFile; fileRef = D02FAF4E1635DE74008D42D9 /* libSpecta-iOS.a */; };
		D02FAFCD1635E082008D42D9 /* CoreGraphics.framework in Frameworks */ = {isa = PBXBuildFile; fileRef = D02FAFCC1635E082008D42D9 /* CoreGraphics.framework */; };
		D02FAFD41635E1A8008D42D9 /* MEDCGGeometryAdditionsSpec.m in Sources */ = {isa = PBXBuildFile; fileRef = D02FAFD31635E1A8008D42D9 /* MEDCGGeometryAdditionsSpec.m */; };
		D02FAFD51635E1A8008D42D9 /* MEDCGGeometryAdditionsSpec.m in Sources */ = {isa = PBXBuildFile; fileRef = D02FAFD31635E1A8008D42D9 /* MEDCGGeometryAdditionsSpec.m */; };
		D02FAFD91635E1BF008D42D9 /* MEDGeometryTestObject.m in Sources */ = {isa = PBXBuildFile; fileRef = D02FAFD81635E1BF008D42D9 /* MEDGeometryTestObject.m */; };
		D02FAFDA1635E1BF008D42D9 /* MEDGeometryTestObject.m in Sources */ = {isa = PBXBuildFile; fileRef = D02FAFD81635E1BF008D42D9 /* MEDGeometryTestObject.m */; };
		D02FAFDE1635E1E9008D42D9 /* CGGeometry+MEDConvenienceAdditions.h in Headers */ = {isa = PBXBuildFile; fileRef = D02FAFDC1635E1E9008D42D9 /* CGGeometry+MEDConvenienceAdditions.h */; };
		D02FAFDF1635E1E9008D42D9 /* CGGeometry+MEDConvenienceAdditions.m in Sources */ = {isa = PBXBuildFile; fileRef = D02FAFDD1635E1E9008D42D9 /* CGGeometry+MEDConvenienceAdditions.m */; };
		D02FAFE01635E1EA008D42D9 /* CGGeometry+MEDConvenienceAdditions.m in Sources */ = {isa = PBXBuildFile; fileRef = D02FAFDD1635E1E9008D42D9 /* CGGeometry+MEDConvenienceAdditions.m */; };
/* End PBXBuildFile section */

/* Begin PBXContainerItemProxy section */
		D02FAEF11635DDC0008D42D9 /* PBXContainerItemProxy */ = {
			isa = PBXContainerItemProxy;
			containerPortal = D02FAED01635DDC0008D42D9 /* Project object */;
			proxyType = 1;
			remoteGlobalIDString = D02FAED81635DDC0008D42D9;
			remoteInfo = Archimedes;
		};
		D02FAF4B1635DE74008D42D9 /* PBXContainerItemProxy */ = {
			isa = PBXContainerItemProxy;
			containerPortal = D02FAF211635DE6F008D42D9 /* Specta.xcodeproj */;
			proxyType = 2;
			remoteGlobalIDString = E9D96A2614B6B8AB007D9521;
			remoteInfo = Specta;
		};
		D02FAF4D1635DE74008D42D9 /* PBXContainerItemProxy */ = {
			isa = PBXContainerItemProxy;
			containerPortal = D02FAF211635DE6F008D42D9 /* Specta.xcodeproj */;
			proxyType = 2;
			remoteGlobalIDString = E9B777A414BA294B00D8DC76;
			remoteInfo = "Specta-iOS";
		};
		D02FAF4F1635DE74008D42D9 /* PBXContainerItemProxy */ = {
			isa = PBXContainerItemProxy;
			containerPortal = D02FAF211635DE6F008D42D9 /* Specta.xcodeproj */;
			proxyType = 2;
			remoteGlobalIDString = E9D96A3A14B6B8AB007D9521;
			remoteInfo = SpectaTests;
		};
		D02FAF511635DE74008D42D9 /* PBXContainerItemProxy */ = {
			isa = PBXContainerItemProxy;
			containerPortal = D02FAF211635DE6F008D42D9 /* Specta.xcodeproj */;
			proxyType = 2;
			remoteGlobalIDString = E9B777B314BA294C00D8DC76;
			remoteInfo = "Specta-iOSTests";
		};
		D02FAF681635DED6008D42D9 /* PBXContainerItemProxy */ = {
			isa = PBXContainerItemProxy;
			containerPortal = D02FAF1E1635DE6F008D42D9 /* Expecta.xcodeproj */;
			proxyType = 2;
			remoteGlobalIDString = E9ACDF0C13B2DD520010F4D7;
			remoteInfo = Expecta;
		};
		D02FAF6A1635DED6008D42D9 /* PBXContainerItemProxy */ = {
			isa = PBXContainerItemProxy;
			containerPortal = D02FAF1E1635DE6F008D42D9 /* Expecta.xcodeproj */;
			proxyType = 2;
			remoteGlobalIDString = E93067CE13B2E6D100EA26FF;
			remoteInfo = "Expecta-iOS";
		};
		D02FAF6C1635DED6008D42D9 /* PBXContainerItemProxy */ = {
			isa = PBXContainerItemProxy;
			containerPortal = D02FAF1E1635DE6F008D42D9 /* Expecta.xcodeproj */;
			proxyType = 2;
			remoteGlobalIDString = E9ACDF1D13B2DD520010F4D7;
			remoteInfo = ExpectaTests;
		};
		D02FAF6E1635DED6008D42D9 /* PBXContainerItemProxy */ = {
			isa = PBXContainerItemProxy;
			containerPortal = D02FAF1E1635DE6F008D42D9 /* Expecta.xcodeproj */;
			proxyType = 2;
			remoteGlobalIDString = E93067DA13B2E6D100EA26FF;
			remoteInfo = "Expecta-iOSTests";
		};
		D02FAF701635DEDC008D42D9 /* PBXContainerItemProxy */ = {
			isa = PBXContainerItemProxy;
			containerPortal = D02FAF211635DE6F008D42D9 /* Specta.xcodeproj */;
			proxyType = 1;
			remoteGlobalIDString = E9D96A2514B6B8AB007D9521;
			remoteInfo = Specta;
		};
		D02FAF721635DEDC008D42D9 /* PBXContainerItemProxy */ = {
			isa = PBXContainerItemProxy;
			containerPortal = D02FAF1E1635DE6F008D42D9 /* Expecta.xcodeproj */;
			proxyType = 1;
			remoteGlobalIDString = E9ACDF0B13B2DD520010F4D7;
			remoteInfo = Expecta;
		};
		D02FAFA21635DFD9008D42D9 /* PBXContainerItemProxy */ = {
			isa = PBXContainerItemProxy;
			containerPortal = D02FAED01635DDC0008D42D9 /* Project object */;
			proxyType = 1;
			remoteGlobalIDString = D02FAF8E1635DFD8008D42D9;
			remoteInfo = Archimedes;
		};
		D02FAFC61635E079008D42D9 /* PBXContainerItemProxy */ = {
			isa = PBXContainerItemProxy;
			containerPortal = D02FAF211635DE6F008D42D9 /* Specta.xcodeproj */;
			proxyType = 1;
			remoteGlobalIDString = E9B777A314BA294B00D8DC76;
			remoteInfo = "Specta-iOS";
		};
		D02FAFC81635E079008D42D9 /* PBXContainerItemProxy */ = {
			isa = PBXContainerItemProxy;
			containerPortal = D02FAF1E1635DE6F008D42D9 /* Expecta.xcodeproj */;
			proxyType = 1;
			remoteGlobalIDString = E93067CD13B2E6D100EA26FF;
			remoteInfo = "Expecta-iOS";
		};
/* End PBXContainerItemProxy section */

/* Begin PBXCopyFilesBuildPhase section */
		D02FAF8D1635DFD8008D42D9 /* CopyFiles */ = {
			isa = PBXCopyFilesBuildPhase;
			buildActionMask = 2147483647;
			dstPath = "include/${PRODUCT_NAME}";
			dstSubfolderSpec = 16;
			files = (
			);
			runOnlyForDeploymentPostprocessing = 0;
		};
/* End PBXCopyFilesBuildPhase section */

/* Begin PBXFileReference section */
		D02FAED91635DDC0008D42D9 /* libArchimedes.a */ = {isa = PBXFileReference; explicitFileType = archive.ar; includeInIndex = 0; path = libArchimedes.a; sourceTree = BUILT_PRODUCTS_DIR; };
		D02FAEE11635DDC0008D42D9 /* Foundation.framework */ = {isa = PBXFileReference; lastKnownFileType = wrapper.framework; name = Foundation.framework; path = System/Library/Frameworks/Foundation.framework; sourceTree = SDKROOT; };
		D02FAEE41635DDC0008D42D9 /* Archimedes-Prefix.pch */ = {isa = PBXFileReference; lastKnownFileType = sourcecode.c.h; path = "Archimedes-Prefix.pch"; sourceTree = "<group>"; };
		D02FAEE51635DDC0008D42D9 /* Archimedes.h */ = {isa = PBXFileReference; lastKnownFileType = sourcecode.c.h; path = Archimedes.h; sourceTree = "<group>"; };
		D02FAEED1635DDC0008D42D9 /* Archimedes Mac Tests.octest */ = {isa = PBXFileReference; explicitFileType = wrapper.cfbundle; includeInIndex = 0; path = "Archimedes Mac Tests.octest"; sourceTree = BUILT_PRODUCTS_DIR; };
		D02FAEEE1635DDC0008D42D9 /* SenTestingKit.framework */ = {isa = PBXFileReference; lastKnownFileType = wrapper.framework; name = SenTestingKit.framework; path = Library/Frameworks/SenTestingKit.framework; sourceTree = DEVELOPER_DIR; };
		D02FAEF61635DDC0008D42D9 /* ArchimedesTests-Info.plist */ = {isa = PBXFileReference; lastKnownFileType = text.plist.xml; path = "ArchimedesTests-Info.plist"; sourceTree = "<group>"; };
		D02FAEF81635DDC0008D42D9 /* en */ = {isa = PBXFileReference; lastKnownFileType = text.plist.strings; name = en; path = en.lproj/InfoPlist.strings; sourceTree = "<group>"; };
		D02FAF0A1635DE46008D42D9 /* Common.xcconfig */ = {isa = PBXFileReference; lastKnownFileType = text.xcconfig; path = Common.xcconfig; sourceTree = "<group>"; };
		D02FAF0C1635DE46008D42D9 /* Debug.xcconfig */ = {isa = PBXFileReference; lastKnownFileType = text.xcconfig; path = Debug.xcconfig; sourceTree = "<group>"; };
		D02FAF0D1635DE46008D42D9 /* Profile.xcconfig */ = {isa = PBXFileReference; lastKnownFileType = text.xcconfig; path = Profile.xcconfig; sourceTree = "<group>"; };
		D02FAF0E1635DE46008D42D9 /* Release.xcconfig */ = {isa = PBXFileReference; lastKnownFileType = text.xcconfig; path = Release.xcconfig; sourceTree = "<group>"; };
		D02FAF101635DE46008D42D9 /* Application.xcconfig */ = {isa = PBXFileReference; lastKnownFileType = text.xcconfig; path = Application.xcconfig; sourceTree = "<group>"; };
		D02FAF111635DE46008D42D9 /* StaticLibrary.xcconfig */ = {isa = PBXFileReference; lastKnownFileType = text.xcconfig; path = StaticLibrary.xcconfig; sourceTree = "<group>"; };
		D02FAF131635DE46008D42D9 /* iOS-Application.xcconfig */ = {isa = PBXFileReference; lastKnownFileType = text.xcconfig; path = "iOS-Application.xcconfig"; sourceTree = "<group>"; };
		D02FAF141635DE46008D42D9 /* iOS-Base.xcconfig */ = {isa = PBXFileReference; lastKnownFileType = text.xcconfig; path = "iOS-Base.xcconfig"; sourceTree = "<group>"; };
		D02FAF151635DE46008D42D9 /* iOS-StaticLibrary.xcconfig */ = {isa = PBXFileReference; lastKnownFileType = text.xcconfig; path = "iOS-StaticLibrary.xcconfig"; sourceTree = "<group>"; };
		D02FAF171635DE46008D42D9 /* Mac-Application.xcconfig */ = {isa = PBXFileReference; lastKnownFileType = text.xcconfig; path = "Mac-Application.xcconfig"; sourceTree = "<group>"; };
		D02FAF181635DE46008D42D9 /* Mac-Base.xcconfig */ = {isa = PBXFileReference; lastKnownFileType = text.xcconfig; path = "Mac-Base.xcconfig"; sourceTree = "<group>"; };
		D02FAF191635DE46008D42D9 /* Mac-DynamicLibrary.xcconfig */ = {isa = PBXFileReference; lastKnownFileType = text.xcconfig; path = "Mac-DynamicLibrary.xcconfig"; sourceTree = "<group>"; };
		D02FAF1A1635DE46008D42D9 /* Mac-Framework.xcconfig */ = {isa = PBXFileReference; lastKnownFileType = text.xcconfig; path = "Mac-Framework.xcconfig"; sourceTree = "<group>"; };
		D02FAF1B1635DE46008D42D9 /* Mac-StaticLibrary.xcconfig */ = {isa = PBXFileReference; lastKnownFileType = text.xcconfig; path = "Mac-StaticLibrary.xcconfig"; sourceTree = "<group>"; };
		D02FAF1C1635DE46008D42D9 /* README.md */ = {isa = PBXFileReference; lastKnownFileType = text; path = README.md; sourceTree = "<group>"; };
		D02FAF1E1635DE6F008D42D9 /* Expecta.xcodeproj */ = {isa = PBXFileReference; lastKnownFileType = "wrapper.pb-project"; name = Expecta.xcodeproj; path = ArchimedesTests/expecta/Expecta.xcodeproj; sourceTree = "<group>"; };
		D02FAF211635DE6F008D42D9 /* Specta.xcodeproj */ = {isa = PBXFileReference; lastKnownFileType = "wrapper.pb-project"; name = Specta.xcodeproj; path = ArchimedesTests/specta/Specta.xcodeproj; sourceTree = "<group>"; };
		D02FAF761635DEE5008D42D9 /* ApplicationServices.framework */ = {isa = PBXFileReference; lastKnownFileType = wrapper.framework; name = ApplicationServices.framework; path = Platforms/MacOSX.platform/Developer/SDKs/MacOSX10.8.sdk/System/Library/Frameworks/ApplicationServices.framework; sourceTree = DEVELOPER_DIR; };
		D02FAF8A1635DF89008D42D9 /* ArchimedesTests-Prefix.pch */ = {isa = PBXFileReference; fileEncoding = 4; lastKnownFileType = sourcecode.c.h; path = "ArchimedesTests-Prefix.pch"; sourceTree = "<group>"; };
		D02FAF8F1635DFD8008D42D9 /* libArchimedes.a */ = {isa = PBXFileReference; explicitFileType = archive.ar; includeInIndex = 0; path = libArchimedes.a; sourceTree = BUILT_PRODUCTS_DIR; };
		D02FAF9D1635DFD9008D42D9 /* Archimedes iOS Tests.octest */ = {isa = PBXFileReference; explicitFileType = wrapper.cfbundle; includeInIndex = 0; path = "Archimedes iOS Tests.octest"; sourceTree = BUILT_PRODUCTS_DIR; };
		D02FAFCC1635E082008D42D9 /* CoreGraphics.framework */ = {isa = PBXFileReference; lastKnownFileType = wrapper.framework; name = CoreGraphics.framework; path = System/Library/Frameworks/CoreGraphics.framework; sourceTree = SDKROOT; };
		D02FAFD31635E1A8008D42D9 /* MEDCGGeometryAdditionsSpec.m */ = {isa = PBXFileReference; fileEncoding = 4; lastKnownFileType = sourcecode.c.objc; path = MEDCGGeometryAdditionsSpec.m; sourceTree = "<group>"; };
		D02FAFD71635E1BF008D42D9 /* MEDGeometryTestObject.h */ = {isa = PBXFileReference; fileEncoding = 4; lastKnownFileType = sourcecode.c.h; path = MEDGeometryTestObject.h; sourceTree = "<group>"; };
		D02FAFD81635E1BF008D42D9 /* MEDGeometryTestObject.m */ = {isa = PBXFileReference; fileEncoding = 4; lastKnownFileType = sourcecode.c.objc; path = MEDGeometryTestObject.m; sourceTree = "<group>"; };
		D02FAFDC1635E1E9008D42D9 /* CGGeometry+MEDConvenienceAdditions.h */ = {isa = PBXFileReference; fileEncoding = 4; lastKnownFileType = sourcecode.c.h; path = "CGGeometry+MEDConvenienceAdditions.h"; sourceTree = "<group>"; };
		D02FAFDD1635E1E9008D42D9 /* CGGeometry+MEDConvenienceAdditions.m */ = {isa = PBXFileReference; fileEncoding = 4; lastKnownFileType = sourcecode.c.objc; path = "CGGeometry+MEDConvenienceAdditions.m"; sourceTree = "<group>"; };
/* End PBXFileReference section */

/* Begin PBXFrameworksBuildPhase section */
		D02FAED61635DDC0008D42D9 /* Frameworks */ = {
			isa = PBXFrameworksBuildPhase;
			buildActionMask = 2147483647;
			files = (
				D02FAF781635DEF5008D42D9 /* ApplicationServices.framework in Frameworks */,
				D02FAF791635DEF5008D42D9 /* Foundation.framework in Frameworks */,
			);
			runOnlyForDeploymentPostprocessing = 0;
		};
		D02FAEE91635DDC0008D42D9 /* Frameworks */ = {
			isa = PBXFrameworksBuildPhase;
			buildActionMask = 2147483647;
			files = (
				D02FAF771635DEE5008D42D9 /* ApplicationServices.framework in Frameworks */,
				D02FAF741635DEE1008D42D9 /* libExpecta.a in Frameworks */,
				D02FAF751635DEE1008D42D9 /* libSpecta.a in Frameworks */,
				D02FAEEF1635DDC0008D42D9 /* SenTestingKit.framework in Frameworks */,
				D02FAEF31635DDC0008D42D9 /* libArchimedes.a in Frameworks */,
			);
			runOnlyForDeploymentPostprocessing = 0;
		};
		D02FAF8C1635DFD8008D42D9 /* Frameworks */ = {
			isa = PBXFrameworksBuildPhase;
			buildActionMask = 2147483647;
			files = (
				D02FAF901635DFD8008D42D9 /* Foundation.framework in Frameworks */,
			);
			runOnlyForDeploymentPostprocessing = 0;
		};
		D02FAF991635DFD9008D42D9 /* Frameworks */ = {
			isa = PBXFrameworksBuildPhase;
			buildActionMask = 2147483647;
			files = (
				D02FAFCD1635E082008D42D9 /* CoreGraphics.framework in Frameworks */,
				D02FAFCA1635E07E008D42D9 /* libExpecta-iOS.a in Frameworks */,
				D02FAFCB1635E07E008D42D9 /* libSpecta-iOS.a in Frameworks */,
				D02FAF9E1635DFD9008D42D9 /* SenTestingKit.framework in Frameworks */,
				D02FAFA11635DFD9008D42D9 /* Foundation.framework in Frameworks */,
				D02FAFA41635DFD9008D42D9 /* libArchimedes.a in Frameworks */,
			);
			runOnlyForDeploymentPostprocessing = 0;
		};
/* End PBXFrameworksBuildPhase section */

/* Begin PBXGroup section */
		D02FAECE1635DDC0008D42D9 = {
			isa = PBXGroup;
			children = (
				D02FAEE21635DDC0008D42D9 /* Archimedes */,
				D02FAEF41635DDC0008D42D9 /* ArchimedesTests */,
				D02FAF081635DE46008D42D9 /* Configuration */,
				D02FAEDB1635DDC0008D42D9 /* Frameworks */,
				D02FAEDA1635DDC0008D42D9 /* Products */,
			);
			sourceTree = "<group>";
		};
		D02FAEDA1635DDC0008D42D9 /* Products */ = {
			isa = PBXGroup;
			children = (
				D02FAED91635DDC0008D42D9 /* libArchimedes.a */,
				D02FAEED1635DDC0008D42D9 /* Archimedes Mac Tests.octest */,
				D02FAF8F1635DFD8008D42D9 /* libArchimedes.a */,
				D02FAF9D1635DFD9008D42D9 /* Archimedes iOS Tests.octest */,
			);
			name = Products;
			sourceTree = "<group>";
		};
		D02FAEDB1635DDC0008D42D9 /* Frameworks */ = {
			isa = PBXGroup;
			children = (
				D02FAF1E1635DE6F008D42D9 /* Expecta.xcodeproj */,
				D02FAF211635DE6F008D42D9 /* Specta.xcodeproj */,
				D02FAEEE1635DDC0008D42D9 /* SenTestingKit.framework */,
				D02FAF761635DEE5008D42D9 /* ApplicationServices.framework */,
				D02FAEE11635DDC0008D42D9 /* Foundation.framework */,
				D02FAFCC1635E082008D42D9 /* CoreGraphics.framework */,
			);
			name = Frameworks;
			sourceTree = "<group>";
		};
		D02FAEE21635DDC0008D42D9 /* Archimedes */ = {
			isa = PBXGroup;
			children = (
				D02FAEE51635DDC0008D42D9 /* Archimedes.h */,
				D02FAFDB1635E1CD008D42D9 /* Extensions */,
				D02FAEE31635DDC0008D42D9 /* Supporting Files */,
			);
			path = Archimedes;
			sourceTree = "<group>";
		};
		D02FAEE31635DDC0008D42D9 /* Supporting Files */ = {
			isa = PBXGroup;
			children = (
				D02FAEE41635DDC0008D42D9 /* Archimedes-Prefix.pch */,
			);
			name = "Supporting Files";
			sourceTree = "<group>";
		};
		D02FAEF41635DDC0008D42D9 /* ArchimedesTests */ = {
			isa = PBXGroup;
			children = (
				D02FAFD61635E1AB008D42D9 /* Specs */,
				D02FAEF51635DDC0008D42D9 /* Supporting Files */,
			);
			path = ArchimedesTests;
			sourceTree = "<group>";
		};
		D02FAEF51635DDC0008D42D9 /* Supporting Files */ = {
			isa = PBXGroup;
			children = (
				D02FAFD71635E1BF008D42D9 /* MEDGeometryTestObject.h */,
				D02FAFD81635E1BF008D42D9 /* MEDGeometryTestObject.m */,
				D02FAF8A1635DF89008D42D9 /* ArchimedesTests-Prefix.pch */,
				D02FAEF61635DDC0008D42D9 /* ArchimedesTests-Info.plist */,
				D02FAEF71635DDC0008D42D9 /* InfoPlist.strings */,
			);
			name = "Supporting Files";
			sourceTree = "<group>";
		};
		D02FAF081635DE46008D42D9 /* Configuration */ = {
			isa = PBXGroup;
			children = (
				D02FAF091635DE46008D42D9 /* Base */,
				D02FAF121635DE46008D42D9 /* iOS */,
				D02FAF161635DE46008D42D9 /* Mac OS X */,
				D02FAF1C1635DE46008D42D9 /* README.md */,
			);
			path = Configuration;
			sourceTree = "<group>";
		};
		D02FAF091635DE46008D42D9 /* Base */ = {
			isa = PBXGroup;
			children = (
				D02FAF0A1635DE46008D42D9 /* Common.xcconfig */,
				D02FAF0B1635DE46008D42D9 /* Configurations */,
				D02FAF0F1635DE46008D42D9 /* Targets */,
			);
			path = Base;
			sourceTree = "<group>";
		};
		D02FAF0B1635DE46008D42D9 /* Configurations */ = {
			isa = PBXGroup;
			children = (
				D02FAF0C1635DE46008D42D9 /* Debug.xcconfig */,
				D02FAF0D1635DE46008D42D9 /* Profile.xcconfig */,
				D02FAF0E1635DE46008D42D9 /* Release.xcconfig */,
			);
			path = Configurations;
			sourceTree = "<group>";
		};
		D02FAF0F1635DE46008D42D9 /* Targets */ = {
			isa = PBXGroup;
			children = (
				D02FAF101635DE46008D42D9 /* Application.xcconfig */,
				D02FAF111635DE46008D42D9 /* StaticLibrary.xcconfig */,
			);
			path = Targets;
			sourceTree = "<group>";
		};
		D02FAF121635DE46008D42D9 /* iOS */ = {
			isa = PBXGroup;
			children = (
				D02FAF131635DE46008D42D9 /* iOS-Application.xcconfig */,
				D02FAF141635DE46008D42D9 /* iOS-Base.xcconfig */,
				D02FAF151635DE46008D42D9 /* iOS-StaticLibrary.xcconfig */,
			);
			path = iOS;
			sourceTree = "<group>";
		};
		D02FAF161635DE46008D42D9 /* Mac OS X */ = {
			isa = PBXGroup;
			children = (
				D02FAF171635DE46008D42D9 /* Mac-Application.xcconfig */,
				D02FAF181635DE46008D42D9 /* Mac-Base.xcconfig */,
				D02FAF191635DE46008D42D9 /* Mac-DynamicLibrary.xcconfig */,
				D02FAF1A1635DE46008D42D9 /* Mac-Framework.xcconfig */,
				D02FAF1B1635DE46008D42D9 /* Mac-StaticLibrary.xcconfig */,
			);
			path = "Mac OS X";
			sourceTree = "<group>";
		};
		D02FAF451635DE74008D42D9 /* Products */ = {
			isa = PBXGroup;
			children = (
				D02FAF4C1635DE74008D42D9 /* libSpecta.a */,
				D02FAF4E1635DE74008D42D9 /* libSpecta-iOS.a */,
				D02FAF501635DE74008D42D9 /* SpectaTests.octest */,
				D02FAF521635DE74008D42D9 /* Specta-iOSTests.octest */,
			);
			name = Products;
			sourceTree = "<group>";
		};
		D02FAF621635DED6008D42D9 /* Products */ = {
			isa = PBXGroup;
			children = (
				D02FAF691635DED6008D42D9 /* libExpecta.a */,
				D02FAF6B1635DED6008D42D9 /* libExpecta-iOS.a */,
				D02FAF6D1635DED6008D42D9 /* ExpectaTests.octest */,
				D02FAF6F1635DED6008D42D9 /* Expecta-iOSTests.octest */,
			);
			name = Products;
			sourceTree = "<group>";
		};
		D02FAFD61635E1AB008D42D9 /* Specs */ = {
			isa = PBXGroup;
			children = (
				D02FAFD31635E1A8008D42D9 /* MEDCGGeometryAdditionsSpec.m */,
			);
			name = Specs;
			sourceTree = "<group>";
		};
		D02FAFDB1635E1CD008D42D9 /* Extensions */ = {
			isa = PBXGroup;
			children = (
				D02FAFDC1635E1E9008D42D9 /* CGGeometry+MEDConvenienceAdditions.h */,
				D02FAFDD1635E1E9008D42D9 /* CGGeometry+MEDConvenienceAdditions.m */,
			);
			name = Extensions;
			sourceTree = "<group>";
		};
/* End PBXGroup section */

/* Begin PBXHeadersBuildPhase section */
		D02FAED71635DDC0008D42D9 /* Headers */ = {
			isa = PBXHeadersBuildPhase;
			buildActionMask = 2147483647;
			files = (
				D02FAFDE1635E1E9008D42D9 /* CGGeometry+MEDConvenienceAdditions.h in Headers */,
			);
			runOnlyForDeploymentPostprocessing = 0;
		};
/* End PBXHeadersBuildPhase section */

/* Begin PBXNativeTarget section */
		D02FAED81635DDC0008D42D9 /* Archimedes Mac */ = {
			isa = PBXNativeTarget;
			buildConfigurationList = D02FAEFF1635DDC1008D42D9 /* Build configuration list for PBXNativeTarget "Archimedes Mac" */;
			buildPhases = (
				D02FAED51635DDC0008D42D9 /* Sources */,
				D02FAED61635DDC0008D42D9 /* Frameworks */,
				D02FAED71635DDC0008D42D9 /* Headers */,
			);
			buildRules = (
			);
			dependencies = (
			);
			name = "Archimedes Mac";
			productName = Archimedes;
			productReference = D02FAED91635DDC0008D42D9 /* libArchimedes.a */;
			productType = "com.apple.product-type.library.static";
		};
		D02FAEEC1635DDC0008D42D9 /* Archimedes Mac Tests */ = {
			isa = PBXNativeTarget;
			buildConfigurationList = D02FAF021635DDC1008D42D9 /* Build configuration list for PBXNativeTarget "Archimedes Mac Tests" */;
			buildPhases = (
				D02FAEE81635DDC0008D42D9 /* Sources */,
				D02FAEE91635DDC0008D42D9 /* Frameworks */,
				D02FAEEA1635DDC0008D42D9 /* Resources */,
				D02FAEEB1635DDC0008D42D9 /* ShellScript */,
			);
			buildRules = (
			);
			dependencies = (
				D02FAF711635DEDC008D42D9 /* PBXTargetDependency */,
				D02FAF731635DEDC008D42D9 /* PBXTargetDependency */,
				D02FAEF21635DDC0008D42D9 /* PBXTargetDependency */,
			);
			name = "Archimedes Mac Tests";
			productName = ArchimedesTests;
			productReference = D02FAEED1635DDC0008D42D9 /* Archimedes Mac Tests.octest */;
			productType = "com.apple.product-type.bundle";
		};
		D02FAF8E1635DFD8008D42D9 /* Archimedes iOS */ = {
			isa = PBXNativeTarget;
			buildConfigurationList = D02FAFAE1635DFD9008D42D9 /* Build configuration list for PBXNativeTarget "Archimedes iOS" */;
			buildPhases = (
				D02FAF8B1635DFD8008D42D9 /* Sources */,
				D02FAF8C1635DFD8008D42D9 /* Frameworks */,
				D02FAF8D1635DFD8008D42D9 /* CopyFiles */,
			);
			buildRules = (
			);
			dependencies = (
			);
			name = "Archimedes iOS";
			productName = Archimedes;
			productReference = D02FAF8F1635DFD8008D42D9 /* libArchimedes.a */;
			productType = "com.apple.product-type.library.static";
		};
		D02FAF9C1635DFD9008D42D9 /* Archimedes iOS Tests */ = {
			isa = PBXNativeTarget;
			buildConfigurationList = D02FAFB11635DFD9008D42D9 /* Build configuration list for PBXNativeTarget "Archimedes iOS Tests" */;
			buildPhases = (
				D02FAF981635DFD9008D42D9 /* Sources */,
				D02FAF991635DFD9008D42D9 /* Frameworks */,
				D02FAF9A1635DFD9008D42D9 /* Resources */,
				D02FAF9B1635DFD9008D42D9 /* ShellScript */,
			);
			buildRules = (
			);
			dependencies = (
				D02FAFC71635E079008D42D9 /* PBXTargetDependency */,
				D02FAFC91635E079008D42D9 /* PBXTargetDependency */,
				D02FAFA31635DFD9008D42D9 /* PBXTargetDependency */,
			);
			name = "Archimedes iOS Tests";
			productName = ArchimedesTests;
			productReference = D02FAF9D1635DFD9008D42D9 /* Archimedes iOS Tests.octest */;
			productType = "com.apple.product-type.bundle";
		};
/* End PBXNativeTarget section */

/* Begin PBXProject section */
		D02FAED01635DDC0008D42D9 /* Project object */ = {
			isa = PBXProject;
			attributes = {
				LastUpgradeCheck = 0450;
				ORGANIZATIONNAME = GitHub;
			};
			buildConfigurationList = D02FAED31635DDC0008D42D9 /* Build configuration list for PBXProject "Archimedes" */;
			compatibilityVersion = "Xcode 3.2";
			developmentRegion = English;
			hasScannedForEncodings = 0;
			knownRegions = (
				en,
			);
			mainGroup = D02FAECE1635DDC0008D42D9;
			productRefGroup = D02FAEDA1635DDC0008D42D9 /* Products */;
			projectDirPath = "";
			projectReferences = (
				{
					ProductGroup = D02FAF621635DED6008D42D9 /* Products */;
					ProjectRef = D02FAF1E1635DE6F008D42D9 /* Expecta.xcodeproj */;
				},
				{
					ProductGroup = D02FAF451635DE74008D42D9 /* Products */;
					ProjectRef = D02FAF211635DE6F008D42D9 /* Specta.xcodeproj */;
				},
			);
			projectRoot = "";
			targets = (
				D02FAED81635DDC0008D42D9 /* Archimedes Mac */,
				D02FAEEC1635DDC0008D42D9 /* Archimedes Mac Tests */,
				D02FAF8E1635DFD8008D42D9 /* Archimedes iOS */,
				D02FAF9C1635DFD9008D42D9 /* Archimedes iOS Tests */,
			);
		};
/* End PBXProject section */

/* Begin PBXReferenceProxy section */
		D02FAF4C1635DE74008D42D9 /* libSpecta.a */ = {
			isa = PBXReferenceProxy;
			fileType = archive.ar;
			path = libSpecta.a;
			remoteRef = D02FAF4B1635DE74008D42D9 /* PBXContainerItemProxy */;
			sourceTree = BUILT_PRODUCTS_DIR;
		};
		D02FAF4E1635DE74008D42D9 /* libSpecta-iOS.a */ = {
			isa = PBXReferenceProxy;
			fileType = archive.ar;
			path = "libSpecta-iOS.a";
			remoteRef = D02FAF4D1635DE74008D42D9 /* PBXContainerItemProxy */;
			sourceTree = BUILT_PRODUCTS_DIR;
		};
		D02FAF501635DE74008D42D9 /* SpectaTests.octest */ = {
			isa = PBXReferenceProxy;
			fileType = wrapper.cfbundle;
			path = SpectaTests.octest;
			remoteRef = D02FAF4F1635DE74008D42D9 /* PBXContainerItemProxy */;
			sourceTree = BUILT_PRODUCTS_DIR;
		};
		D02FAF521635DE74008D42D9 /* Specta-iOSTests.octest */ = {
			isa = PBXReferenceProxy;
			fileType = wrapper.cfbundle;
			path = "Specta-iOSTests.octest";
			remoteRef = D02FAF511635DE74008D42D9 /* PBXContainerItemProxy */;
			sourceTree = BUILT_PRODUCTS_DIR;
		};
		D02FAF691635DED6008D42D9 /* libExpecta.a */ = {
			isa = PBXReferenceProxy;
			fileType = archive.ar;
			path = libExpecta.a;
			remoteRef = D02FAF681635DED6008D42D9 /* PBXContainerItemProxy */;
			sourceTree = BUILT_PRODUCTS_DIR;
		};
		D02FAF6B1635DED6008D42D9 /* libExpecta-iOS.a */ = {
			isa = PBXReferenceProxy;
			fileType = archive.ar;
			path = "libExpecta-iOS.a";
			remoteRef = D02FAF6A1635DED6008D42D9 /* PBXContainerItemProxy */;
			sourceTree = BUILT_PRODUCTS_DIR;
		};
		D02FAF6D1635DED6008D42D9 /* ExpectaTests.octest */ = {
			isa = PBXReferenceProxy;
			fileType = wrapper.cfbundle;
			path = ExpectaTests.octest;
			remoteRef = D02FAF6C1635DED6008D42D9 /* PBXContainerItemProxy */;
			sourceTree = BUILT_PRODUCTS_DIR;
		};
		D02FAF6F1635DED6008D42D9 /* Expecta-iOSTests.octest */ = {
			isa = PBXReferenceProxy;
			fileType = wrapper.cfbundle;
			path = "Expecta-iOSTests.octest";
			remoteRef = D02FAF6E1635DED6008D42D9 /* PBXContainerItemProxy */;
			sourceTree = BUILT_PRODUCTS_DIR;
		};
/* End PBXReferenceProxy section */

/* Begin PBXResourcesBuildPhase section */
		D02FAEEA1635DDC0008D42D9 /* Resources */ = {
			isa = PBXResourcesBuildPhase;
			buildActionMask = 2147483647;
			files = (
				D02FAEF91635DDC0008D42D9 /* InfoPlist.strings in Resources */,
			);
			runOnlyForDeploymentPostprocessing = 0;
		};
		D02FAF9A1635DFD9008D42D9 /* Resources */ = {
			isa = PBXResourcesBuildPhase;
			buildActionMask = 2147483647;
			files = (
			);
			runOnlyForDeploymentPostprocessing = 0;
		};
/* End PBXResourcesBuildPhase section */

/* Begin PBXShellScriptBuildPhase section */
		D02FAEEB1635DDC0008D42D9 /* ShellScript */ = {
			isa = PBXShellScriptBuildPhase;
			buildActionMask = 2147483647;
			files = (
			);
			inputPaths = (
			);
			outputPaths = (
			);
			runOnlyForDeploymentPostprocessing = 0;
			shellPath = /bin/sh;
			shellScript = "# Run the unit tests in this test bundle.\n\"${SYSTEM_DEVELOPER_DIR}/Tools/RunUnitTests\"\n";
		};
		D02FAF9B1635DFD9008D42D9 /* ShellScript */ = {
			isa = PBXShellScriptBuildPhase;
			buildActionMask = 2147483647;
			files = (
			);
			inputPaths = (
			);
			outputPaths = (
			);
			runOnlyForDeploymentPostprocessing = 0;
			shellPath = /bin/sh;
			shellScript = "# Run the unit tests in this test bundle.\n\"${SYSTEM_DEVELOPER_DIR}/Tools/RunUnitTests\"\n";
		};
/* End PBXShellScriptBuildPhase section */

/* Begin PBXSourcesBuildPhase section */
		D02FAED51635DDC0008D42D9 /* Sources */ = {
			isa = PBXSourcesBuildPhase;
			buildActionMask = 2147483647;
			files = (
				D02FAFDF1635E1E9008D42D9 /* CGGeometry+MEDConvenienceAdditions.m in Sources */,
			);
			runOnlyForDeploymentPostprocessing = 0;
		};
		D02FAEE81635DDC0008D42D9 /* Sources */ = {
			isa = PBXSourcesBuildPhase;
			buildActionMask = 2147483647;
			files = (
				D02FAFD41635E1A8008D42D9 /* MEDCGGeometryAdditionsSpec.m in Sources */,
				D02FAFD91635E1BF008D42D9 /* MEDGeometryTestObject.m in Sources */,
			);
			runOnlyForDeploymentPostprocessing = 0;
		};
		D02FAF8B1635DFD8008D42D9 /* Sources */ = {
			isa = PBXSourcesBuildPhase;
			buildActionMask = 2147483647;
			files = (
				D02FAFE01635E1EA008D42D9 /* CGGeometry+MEDConvenienceAdditions.m in Sources */,
			);
			runOnlyForDeploymentPostprocessing = 0;
		};
		D02FAF981635DFD9008D42D9 /* Sources */ = {
			isa = PBXSourcesBuildPhase;
			buildActionMask = 2147483647;
			files = (
				D02FAFD51635E1A8008D42D9 /* MEDCGGeometryAdditionsSpec.m in Sources */,
				D02FAFDA1635E1BF008D42D9 /* MEDGeometryTestObject.m in Sources */,
			);
			runOnlyForDeploymentPostprocessing = 0;
		};
/* End PBXSourcesBuildPhase section */

/* Begin PBXTargetDependency section */
		D02FAEF21635DDC0008D42D9 /* PBXTargetDependency */ = {
			isa = PBXTargetDependency;
			target = D02FAED81635DDC0008D42D9 /* Archimedes Mac */;
			targetProxy = D02FAEF11635DDC0008D42D9 /* PBXContainerItemProxy */;
		};
		D02FAF711635DEDC008D42D9 /* PBXTargetDependency */ = {
			isa = PBXTargetDependency;
			name = Specta;
			targetProxy = D02FAF701635DEDC008D42D9 /* PBXContainerItemProxy */;
		};
		D02FAF731635DEDC008D42D9 /* PBXTargetDependency */ = {
			isa = PBXTargetDependency;
			name = Expecta;
			targetProxy = D02FAF721635DEDC008D42D9 /* PBXContainerItemProxy */;
		};
		D02FAFA31635DFD9008D42D9 /* PBXTargetDependency */ = {
			isa = PBXTargetDependency;
			target = D02FAF8E1635DFD8008D42D9 /* Archimedes iOS */;
			targetProxy = D02FAFA21635DFD9008D42D9 /* PBXContainerItemProxy */;
		};
		D02FAFC71635E079008D42D9 /* PBXTargetDependency */ = {
			isa = PBXTargetDependency;
			name = "Specta-iOS";
			targetProxy = D02FAFC61635E079008D42D9 /* PBXContainerItemProxy */;
		};
		D02FAFC91635E079008D42D9 /* PBXTargetDependency */ = {
			isa = PBXTargetDependency;
			name = "Expecta-iOS";
			targetProxy = D02FAFC81635E079008D42D9 /* PBXContainerItemProxy */;
		};
/* End PBXTargetDependency section */

/* Begin PBXVariantGroup section */
		D02FAEF71635DDC0008D42D9 /* InfoPlist.strings */ = {
			isa = PBXVariantGroup;
			children = (
				D02FAEF81635DDC0008D42D9 /* en */,
			);
			name = InfoPlist.strings;
			sourceTree = "<group>";
		};
/* End PBXVariantGroup section */

/* Begin XCBuildConfiguration section */
		D02FAEFD1635DDC1008D42D9 /* Debug */ = {
			isa = XCBuildConfiguration;
			baseConfigurationReference = D02FAF0C1635DE46008D42D9 /* Debug.xcconfig */;
			buildSettings = {
				ARCHS = "$(ARCHS_STANDARD_64_BIT)";
				IPHONEOS_DEPLOYMENT_TARGET = 5.1;
				MACOSX_DEPLOYMENT_TARGET = 10.7;
				OTHER_LDFLAGS = "-all_load";
				PRODUCT_NAME = Archimedes;
			};
			name = Debug;
		};
		D02FAEFE1635DDC1008D42D9 /* Release */ = {
			isa = XCBuildConfiguration;
			baseConfigurationReference = D02FAF0E1635DE46008D42D9 /* Release.xcconfig */;
			buildSettings = {
				ARCHS = "$(ARCHS_STANDARD_64_BIT)";
				IPHONEOS_DEPLOYMENT_TARGET = 5.1;
				MACOSX_DEPLOYMENT_TARGET = 10.7;
				OTHER_LDFLAGS = "-all_load";
				PRODUCT_NAME = Archimedes;
			};
			name = Release;
		};
		D02FAF001635DDC1008D42D9 /* Debug */ = {
			isa = XCBuildConfiguration;
			baseConfigurationReference = D02FAF1B1635DE46008D42D9 /* Mac-StaticLibrary.xcconfig */;
			buildSettings = {
				GCC_PREFIX_HEADER = "Archimedes/Archimedes-Prefix.pch";
			};
			name = Debug;
		};
		D02FAF011635DDC1008D42D9 /* Release */ = {
			isa = XCBuildConfiguration;
			baseConfigurationReference = D02FAF1B1635DE46008D42D9 /* Mac-StaticLibrary.xcconfig */;
			buildSettings = {
				GCC_PREFIX_HEADER = "Archimedes/Archimedes-Prefix.pch";
			};
			name = Release;
		};
		D02FAF031635DDC1008D42D9 /* Debug */ = {
			isa = XCBuildConfiguration;
			baseConfigurationReference = D02FAF171635DE46008D42D9 /* Mac-Application.xcconfig */;
			buildSettings = {
				FRAMEWORK_SEARCH_PATHS = "\"$(DEVELOPER_LIBRARY_DIR)/Frameworks\"";
				GCC_PREFIX_HEADER = "ArchimedesTests/ArchimedesTests-Prefix.pch";
				HEADER_SEARCH_PATHS = (
					"ArchimedesTests/expecta/src/**",
					ArchimedesTests/specta/src,
				);
				INFOPLIST_FILE = "ArchimedesTests/ArchimedesTests-Info.plist";
				PRODUCT_NAME = "$(TARGET_NAME)";
				WRAPPER_EXTENSION = octest;
			};
			name = Debug;
		};
		D02FAF041635DDC1008D42D9 /* Release */ = {
			isa = XCBuildConfiguration;
			baseConfigurationReference = D02FAF171635DE46008D42D9 /* Mac-Application.xcconfig */;
			buildSettings = {
				FRAMEWORK_SEARCH_PATHS = "\"$(DEVELOPER_LIBRARY_DIR)/Frameworks\"";
				GCC_PREFIX_HEADER = "ArchimedesTests/ArchimedesTests-Prefix.pch";
				HEADER_SEARCH_PATHS = (
					"ArchimedesTests/expecta/src/**",
					ArchimedesTests/specta/src,
				);
				INFOPLIST_FILE = "ArchimedesTests/ArchimedesTests-Info.plist";
				PRODUCT_NAME = "$(TARGET_NAME)";
				WRAPPER_EXTENSION = octest;
			};
			name = Release;
		};
		D02FAFAF1635DFD9008D42D9 /* Debug */ = {
			isa = XCBuildConfiguration;
			baseConfigurationReference = D02FAF151635DE46008D42D9 /* iOS-StaticLibrary.xcconfig */;
			buildSettings = {
				DSTROOT = /tmp/Archimedes.dst;
				GCC_PREFIX_HEADER = "Archimedes/Archimedes-Prefix.pch";
			};
			name = Debug;
		};
		D02FAFB01635DFD9008D42D9 /* Release */ = {
			isa = XCBuildConfiguration;
			baseConfigurationReference = D02FAF151635DE46008D42D9 /* iOS-StaticLibrary.xcconfig */;
			buildSettings = {
				DSTROOT = /tmp/Archimedes.dst;
				GCC_PREFIX_HEADER = "Archimedes/Archimedes-Prefix.pch";
			};
			name = Release;
		};
		D02FAFB21635DFD9008D42D9 /* Debug */ = {
			isa = XCBuildConfiguration;
			baseConfigurationReference = D02FAF131635DE46008D42D9 /* iOS-Application.xcconfig */;
			buildSettings = {
				FRAMEWORK_SEARCH_PATHS = (
					"\"$(SDKROOT)/Developer/Library/Frameworks\"",
					"\"$(DEVELOPER_LIBRARY_DIR)/Frameworks\"",
				);
				GCC_PREFIX_HEADER = "ArchimedesTests/ArchimedesTests-Prefix.pch";
				HEADER_SEARCH_PATHS = (
					"ArchimedesTests/expecta/src/**",
					ArchimedesTests/specta/src,
				);
				INFOPLIST_FILE = "ArchimedesTests/ArchimedesTests-Info.plist";
				PRODUCT_NAME = "$(TARGET_NAME)";
				WRAPPER_EXTENSION = octest;
			};
			name = Debug;
		};
		D02FAFB31635DFD9008D42D9 /* Release */ = {
			isa = XCBuildConfiguration;
			baseConfigurationReference = D02FAF131635DE46008D42D9 /* iOS-Application.xcconfig */;
			buildSettings = {
				FRAMEWORK_SEARCH_PATHS = (
					"\"$(SDKROOT)/Developer/Library/Frameworks\"",
					"\"$(DEVELOPER_LIBRARY_DIR)/Frameworks\"",
				);
				GCC_PREFIX_HEADER = "ArchimedesTests/ArchimedesTests-Prefix.pch";
				HEADER_SEARCH_PATHS = (
					"ArchimedesTests/expecta/src/**",
					ArchimedesTests/specta/src,
				);
				INFOPLIST_FILE = "ArchimedesTests/ArchimedesTests-Info.plist";
				PRODUCT_NAME = "$(TARGET_NAME)";
				WRAPPER_EXTENSION = octest;
			};
			name = Release;
		};
		D02FAFCE1635E0C3008D42D9 /* Profile */ = {
			isa = XCBuildConfiguration;
			baseConfigurationReference = D02FAF0D1635DE46008D42D9 /* Profile.xcconfig */;
			buildSettings = {
				ARCHS = "$(ARCHS_STANDARD_64_BIT)";
				IPHONEOS_DEPLOYMENT_TARGET = 5.1;
				MACOSX_DEPLOYMENT_TARGET = 10.7;
				OTHER_LDFLAGS = "-all_load";
				PRODUCT_NAME = Archimedes;
			};
			name = Profile;
		};
		D02FAFCF1635E0C3008D42D9 /* Profile */ = {
			isa = XCBuildConfiguration;
			baseConfigurationReference = D02FAF1B1635DE46008D42D9 /* Mac-StaticLibrary.xcconfig */;
			buildSettings = {
				GCC_PREFIX_HEADER = "Archimedes/Archimedes-Prefix.pch";
			};
			name = Profile;
		};
		D02FAFD01635E0C3008D42D9 /* Profile */ = {
			isa = XCBuildConfiguration;
			baseConfigurationReference = D02FAF171635DE46008D42D9 /* Mac-Application.xcconfig */;
			buildSettings = {
				FRAMEWORK_SEARCH_PATHS = "\"$(DEVELOPER_LIBRARY_DIR)/Frameworks\"";
				GCC_PREFIX_HEADER = "ArchimedesTests/ArchimedesTests-Prefix.pch";
				HEADER_SEARCH_PATHS = (
					"ArchimedesTests/expecta/src/**",
					ArchimedesTests/specta/src,
				);
				INFOPLIST_FILE = "ArchimedesTests/ArchimedesTests-Info.plist";
				PRODUCT_NAME = "$(TARGET_NAME)";
				WRAPPER_EXTENSION = octest;
			};
			name = Profile;
		};
		D02FAFD11635E0C3008D42D9 /* Profile */ = {
			isa = XCBuildConfiguration;
			baseConfigurationReference = D02FAF151635DE46008D42D9 /* iOS-StaticLibrary.xcconfig */;
			buildSettings = {
				DSTROOT = /tmp/Archimedes.dst;
				GCC_PREFIX_HEADER = "Archimedes/Archimedes-Prefix.pch";
			};
			name = Profile;
		};
		D02FAFD21635E0C3008D42D9 /* Profile */ = {
			isa = XCBuildConfiguration;
			baseConfigurationReference = D02FAF131635DE46008D42D9 /* iOS-Application.xcconfig */;
			buildSettings = {
				FRAMEWORK_SEARCH_PATHS = (
					"\"$(SDKROOT)/Developer/Library/Frameworks\"",
					"\"$(DEVELOPER_LIBRARY_DIR)/Frameworks\"",
				);
				GCC_PREFIX_HEADER = "ArchimedesTests/ArchimedesTests-Prefix.pch";
				HEADER_SEARCH_PATHS = (
					"ArchimedesTests/expecta/src/**",
					ArchimedesTests/specta/src,
				);
				INFOPLIST_FILE = "ArchimedesTests/ArchimedesTests-Info.plist";
				PRODUCT_NAME = "$(TARGET_NAME)";
				WRAPPER_EXTENSION = octest;
			};
			name = Profile;
		};
/* End XCBuildConfiguration section */

/* Begin XCConfigurationList section */
		D02FAED31635DDC0008D42D9 /* Build configuration list for PBXProject "Archimedes" */ = {
			isa = XCConfigurationList;
			buildConfigurations = (
				D02FAEFD1635DDC1008D42D9 /* Debug */,
				D02FAEFE1635DDC1008D42D9 /* Release */,
				D02FAFCE1635E0C3008D42D9 /* Profile */,
			);
			defaultConfigurationIsVisible = 0;
			defaultConfigurationName = Release;
		};
		D02FAEFF1635DDC1008D42D9 /* Build configuration list for PBXNativeTarget "Archimedes Mac" */ = {
			isa = XCConfigurationList;
			buildConfigurations = (
				D02FAF001635DDC1008D42D9 /* Debug */,
				D02FAF011635DDC1008D42D9 /* Release */,
				D02FAFCF1635E0C3008D42D9 /* Profile */,
			);
			defaultConfigurationIsVisible = 0;
			defaultConfigurationName = Release;
		};
		D02FAF021635DDC1008D42D9 /* Build configuration list for PBXNativeTarget "Archimedes Mac Tests" */ = {
			isa = XCConfigurationList;
			buildConfigurations = (
				D02FAF031635DDC1008D42D9 /* Debug */,
				D02FAF041635DDC1008D42D9 /* Release */,
				D02FAFD01635E0C3008D42D9 /* Profile */,
			);
			defaultConfigurationIsVisible = 0;
			defaultConfigurationName = Release;
		};
		D02FAFAE1635DFD9008D42D9 /* Build configuration list for PBXNativeTarget "Archimedes iOS" */ = {
			isa = XCConfigurationList;
			buildConfigurations = (
				D02FAFAF1635DFD9008D42D9 /* Debug */,
				D02FAFB01635DFD9008D42D9 /* Release */,
				D02FAFD11635E0C3008D42D9 /* Profile */,
			);
			defaultConfigurationIsVisible = 0;
			defaultConfigurationName = Release;
		};
		D02FAFB11635DFD9008D42D9 /* Build configuration list for PBXNativeTarget "Archimedes iOS Tests" */ = {
			isa = XCConfigurationList;
			buildConfigurations = (
				D02FAFB21635DFD9008D42D9 /* Debug */,
				D02FAFB31635DFD9008D42D9 /* Release */,
				D02FAFD21635E0C3008D42D9 /* Profile */,
			);
			defaultConfigurationIsVisible = 0;
			defaultConfigurationName = Release;
		};
/* End XCConfigurationList section */
	};
	rootObject = D02FAED01635DDC0008D42D9 /* Project object */;
}
